// !$*UTF8*$!
{
	archiveVersion = 1;
	classes = {
	};
	objectVersion = 46;
	objects = {

/* Begin PBXBuildFile section */
		A03D0BDC1C35B20C00E74DB7 /* ProgressTests.swift in Sources */ = {isa = PBXBuildFile; fileRef = A03D0BDB1C35B20C00E74DB7 /* ProgressTests.swift */; };
		A03D0BDE1C35B20C00E74DB7 /* Progress.framework in Frameworks */ = {isa = PBXBuildFile; fileRef = A0DF1F8E1C31C4340031EE1D /* Progress.framework */; };
		A0ADAE881C3A59D300E52781 /* ProgressElementsTests.swift in Sources */ = {isa = PBXBuildFile; fileRef = A0ADAE871C3A59D300E52781 /* ProgressElementsTests.swift */; };
		A0D9C57F1C3A657900E3EE01 /* UtilityTests.swift in Sources */ = {isa = PBXBuildFile; fileRef = A0D9C57E1C3A657900E3EE01 /* UtilityTests.swift */; };
		A0D9C5821C3A6AAA00E3EE01 /* ProgressElements.swift in Sources */ = {isa = PBXBuildFile; fileRef = A0D9C5801C3A6AAA00E3EE01 /* ProgressElements.swift */; };
		A0D9C5831C3A6AAA00E3EE01 /* Utilities.swift in Sources */ = {isa = PBXBuildFile; fileRef = A0D9C5811C3A6AAA00E3EE01 /* Utilities.swift */; };
		A0DF1F921C31C4340031EE1D /* Progress.swift.h in Headers */ = {isa = PBXBuildFile; fileRef = A0DF1F911C31C4340031EE1D /* Progress.swift.h */; settings = {ATTRIBUTES = (Public, ); }; };
		A0DF1F9C1C31C49A0031EE1D /* Progress.swift in Sources */ = {isa = PBXBuildFile; fileRef = A0DF1F9B1C31C49A0031EE1D /* Progress.swift */; };
/* End PBXBuildFile section */

/* Begin PBXContainerItemProxy section */
		A03D0BDF1C35B20C00E74DB7 /* PBXContainerItemProxy */ = {
			isa = PBXContainerItemProxy;
			containerPortal = A0DF1F851C31C4340031EE1D /* Project object */;
			proxyType = 1;
			remoteGlobalIDString = A0DF1F8D1C31C4340031EE1D;
			remoteInfo = Progress.swift;
		};
/* End PBXContainerItemProxy section */

/* Begin PBXFileReference section */
		A03D0BD91C35B20C00E74DB7 /* ProgressTests.xctest */ = {isa = PBXFileReference; explicitFileType = wrapper.cfbundle; includeInIndex = 0; path = ProgressTests.xctest; sourceTree = BUILT_PRODUCTS_DIR; };
		A03D0BDB1C35B20C00E74DB7 /* ProgressTests.swift */ = {isa = PBXFileReference; lastKnownFileType = sourcecode.swift; path = ProgressTests.swift; sourceTree = "<group>"; };
		A03D0BDD1C35B20C00E74DB7 /* Info.plist */ = {isa = PBXFileReference; lastKnownFileType = text.plist.xml; path = Info.plist; sourceTree = "<group>"; };
		A0ADAE871C3A59D300E52781 /* ProgressElementsTests.swift */ = {isa = PBXFileReference; fileEncoding = 4; lastKnownFileType = sourcecode.swift; path = ProgressElementsTests.swift; sourceTree = "<group>"; };
		A0D9C57E1C3A657900E3EE01 /* UtilityTests.swift */ = {isa = PBXFileReference; fileEncoding = 4; lastKnownFileType = sourcecode.swift; path = UtilityTests.swift; sourceTree = "<group>"; };
		A0D9C5801C3A6AAA00E3EE01 /* ProgressElements.swift */ = {isa = PBXFileReference; fileEncoding = 4; lastKnownFileType = sourcecode.swift; name = ProgressElements.swift; path = ../../Sources/ProgressElements.swift; sourceTree = "<group>"; };
		A0D9C5811C3A6AAA00E3EE01 /* Utilities.swift */ = {isa = PBXFileReference; fileEncoding = 4; lastKnownFileType = sourcecode.swift; name = Utilities.swift; path = ../../Sources/Utilities.swift; sourceTree = "<group>"; };
		A0DF1F8E1C31C4340031EE1D /* Progress.framework */ = {isa = PBXFileReference; explicitFileType = wrapper.framework; includeInIndex = 0; path = Progress.framework; sourceTree = BUILT_PRODUCTS_DIR; };
		A0DF1F911C31C4340031EE1D /* Progress.swift.h */ = {isa = PBXFileReference; lastKnownFileType = sourcecode.c.h; path = Progress.swift.h; sourceTree = "<group>"; };
		A0DF1F931C31C4340031EE1D /* Info.plist */ = {isa = PBXFileReference; lastKnownFileType = text.plist.xml; path = Info.plist; sourceTree = "<group>"; };
		A0DF1F9B1C31C49A0031EE1D /* Progress.swift */ = {isa = PBXFileReference; fileEncoding = 4; lastKnownFileType = sourcecode.swift; name = Progress.swift; path = ../../Sources/Progress.swift; sourceTree = "<group>"; };
/* End PBXFileReference section */

/* Begin PBXFrameworksBuildPhase section */
		A03D0BD61C35B20C00E74DB7 /* Frameworks */ = {
			isa = PBXFrameworksBuildPhase;
			buildActionMask = 2147483647;
			files = (
				A03D0BDE1C35B20C00E74DB7 /* Progress.framework in Frameworks */,
			);
			runOnlyForDeploymentPostprocessing = 0;
		};
		A0DF1F8A1C31C4340031EE1D /* Frameworks */ = {
			isa = PBXFrameworksBuildPhase;
			buildActionMask = 2147483647;
			files = (
			);
			runOnlyForDeploymentPostprocessing = 0;
		};
/* End PBXFrameworksBuildPhase section */

/* Begin PBXGroup section */
		A03D0BDA1C35B20C00E74DB7 /* ProgressTests */ = {
			isa = PBXGroup;
			children = (
				A03D0BDB1C35B20C00E74DB7 /* ProgressTests.swift */,
				A0ADAE871C3A59D300E52781 /* ProgressElementsTests.swift */,
				A0D9C57E1C3A657900E3EE01 /* UtilityTests.swift */,
				A03D0BDD1C35B20C00E74DB7 /* Info.plist */,
			);
			path = ProgressTests;
			sourceTree = "<group>";
		};
		A0DF1F841C31C4340031EE1D = {
			isa = PBXGroup;
			children = (
				A0DF1F901C31C4340031EE1D /* Progress.swift */,
				A03D0BDA1C35B20C00E74DB7 /* ProgressTests */,
				A0DF1F8F1C31C4340031EE1D /* Products */,
			);
			sourceTree = "<group>";
		};
		A0DF1F8F1C31C4340031EE1D /* Products */ = {
			isa = PBXGroup;
			children = (
				A0DF1F8E1C31C4340031EE1D /* Progress.framework */,
				A03D0BD91C35B20C00E74DB7 /* ProgressTests.xctest */,
			);
			name = Products;
			sourceTree = "<group>";
		};
		A0DF1F901C31C4340031EE1D /* Progress.swift */ = {
			isa = PBXGroup;
			children = (
				A0DF1F911C31C4340031EE1D /* Progress.swift.h */,
				A0DF1F9B1C31C49A0031EE1D /* Progress.swift */,
				A0D9C5801C3A6AAA00E3EE01 /* ProgressElements.swift */,
				A0D9C5811C3A6AAA00E3EE01 /* Utilities.swift */,
				A0DF1F931C31C4340031EE1D /* Info.plist */,
			);
			path = Progress.swift;
			sourceTree = "<group>";
		};
/* End PBXGroup section */

/* Begin PBXHeadersBuildPhase section */
		A0DF1F8B1C31C4340031EE1D /* Headers */ = {
			isa = PBXHeadersBuildPhase;
			buildActionMask = 2147483647;
			files = (
				A0DF1F921C31C4340031EE1D /* Progress.swift.h in Headers */,
			);
			runOnlyForDeploymentPostprocessing = 0;
		};
/* End PBXHeadersBuildPhase section */

/* Begin PBXNativeTarget section */
		A03D0BD81C35B20C00E74DB7 /* ProgressTests */ = {
			isa = PBXNativeTarget;
			buildConfigurationList = A03D0BE31C35B20C00E74DB7 /* Build configuration list for PBXNativeTarget "ProgressTests" */;
			buildPhases = (
				A03D0BD51C35B20C00E74DB7 /* Sources */,
				A03D0BD61C35B20C00E74DB7 /* Frameworks */,
				A03D0BD71C35B20C00E74DB7 /* Resources */,
			);
			buildRules = (
			);
			dependencies = (
				A03D0BE01C35B20C00E74DB7 /* PBXTargetDependency */,
			);
			name = ProgressTests;
			productName = ProgressTests;
			productReference = A03D0BD91C35B20C00E74DB7 /* ProgressTests.xctest */;
			productType = "com.apple.product-type.bundle.unit-test";
		};
		A0DF1F8D1C31C4340031EE1D /* Progress.swift */ = {
			isa = PBXNativeTarget;
			buildConfigurationList = A0DF1F961C31C4340031EE1D /* Build configuration list for PBXNativeTarget "Progress.swift" */;
			buildPhases = (
				A0DF1F891C31C4340031EE1D /* Sources */,
				A0DF1F8A1C31C4340031EE1D /* Frameworks */,
				A0DF1F8B1C31C4340031EE1D /* Headers */,
				A0DF1F8C1C31C4340031EE1D /* Resources */,
			);
			buildRules = (
			);
			dependencies = (
			);
			name = Progress.swift;
			productName = Progress.swift;
			productReference = A0DF1F8E1C31C4340031EE1D /* Progress.framework */;
			productType = "com.apple.product-type.framework";
		};
/* End PBXNativeTarget section */

/* Begin PBXProject section */
		A0DF1F851C31C4340031EE1D /* Project object */ = {
			isa = PBXProject;
			attributes = {
				LastSwiftUpdateCheck = 0720;
				LastUpgradeCheck = 0900;
				ORGANIZATIONNAME = "Justus Kandzi";
				TargetAttributes = {
					A03D0BD81C35B20C00E74DB7 = {
						CreatedOnToolsVersion = 7.2;
						LastSwiftMigration = 0900;
					};
					A0DF1F8D1C31C4340031EE1D = {
						CreatedOnToolsVersion = 7.2;
						LastSwiftMigration = 0900;
					};
				};
			};
			buildConfigurationList = A0DF1F881C31C4340031EE1D /* Build configuration list for PBXProject "Progress.swift" */;
			compatibilityVersion = "Xcode 3.2";
			developmentRegion = English;
			hasScannedForEncodings = 0;
			knownRegions = (
				en,
			);
			mainGroup = A0DF1F841C31C4340031EE1D;
			productRefGroup = A0DF1F8F1C31C4340031EE1D /* Products */;
			projectDirPath = "";
			projectRoot = "";
			targets = (
				A0DF1F8D1C31C4340031EE1D /* Progress.swift */,
				A03D0BD81C35B20C00E74DB7 /* ProgressTests */,
			);
		};
/* End PBXProject section */

/* Begin PBXResourcesBuildPhase section */
		A03D0BD71C35B20C00E74DB7 /* Resources */ = {
			isa = PBXResourcesBuildPhase;
			buildActionMask = 2147483647;
			files = (
			);
			runOnlyForDeploymentPostprocessing = 0;
		};
		A0DF1F8C1C31C4340031EE1D /* Resources */ = {
			isa = PBXResourcesBuildPhase;
			buildActionMask = 2147483647;
			files = (
			);
			runOnlyForDeploymentPostprocessing = 0;
		};
/* End PBXResourcesBuildPhase section */

/* Begin PBXSourcesBuildPhase section */
		A03D0BD51C35B20C00E74DB7 /* Sources */ = {
			isa = PBXSourcesBuildPhase;
			buildActionMask = 2147483647;
			files = (
				A0D9C57F1C3A657900E3EE01 /* UtilityTests.swift in Sources */,
				A03D0BDC1C35B20C00E74DB7 /* ProgressTests.swift in Sources */,
				A0ADAE881C3A59D300E52781 /* ProgressElementsTests.swift in Sources */,
			);
			runOnlyForDeploymentPostprocessing = 0;
		};
		A0DF1F891C31C4340031EE1D /* Sources */ = {
			isa = PBXSourcesBuildPhase;
			buildActionMask = 2147483647;
			files = (
				A0D9C5831C3A6AAA00E3EE01 /* Utilities.swift in Sources */,
				A0DF1F9C1C31C49A0031EE1D /* Progress.swift in Sources */,
				A0D9C5821C3A6AAA00E3EE01 /* ProgressElements.swift in Sources */,
			);
			runOnlyForDeploymentPostprocessing = 0;
		};
/* End PBXSourcesBuildPhase section */

/* Begin PBXTargetDependency section */
		A03D0BE01C35B20C00E74DB7 /* PBXTargetDependency */ = {
			isa = PBXTargetDependency;
			target = A0DF1F8D1C31C4340031EE1D /* Progress.swift */;
			targetProxy = A03D0BDF1C35B20C00E74DB7 /* PBXContainerItemProxy */;
		};
/* End PBXTargetDependency section */

/* Begin XCBuildConfiguration section */
		A03D0BE11C35B20C00E74DB7 /* Debug */ = {
			isa = XCBuildConfiguration;
			buildSettings = {
				CODE_SIGN_IDENTITY = "-";
				COMBINE_HIDPI_IMAGES = YES;
				INFOPLIST_FILE = ProgressTests/Info.plist;
				LD_RUNPATH_SEARCH_PATHS = "$(inherited) @executable_path/../Frameworks @loader_path/../Frameworks";
				PRODUCT_BUNDLE_IDENTIFIER = com.justuskandzi.ProgressTests;
				PRODUCT_NAME = "$(TARGET_NAME)";
				SWIFT_SWIFT3_OBJC_INFERENCE = Default;
				SWIFT_VERSION = 4.0;
			};
			name = Debug;
		};
		A03D0BE21C35B20C00E74DB7 /* Release */ = {
			isa = XCBuildConfiguration;
			buildSettings = {
				CODE_SIGN_IDENTITY = "-";
				COMBINE_HIDPI_IMAGES = YES;
				INFOPLIST_FILE = ProgressTests/Info.plist;
				LD_RUNPATH_SEARCH_PATHS = "$(inherited) @executable_path/../Frameworks @loader_path/../Frameworks";
				PRODUCT_BUNDLE_IDENTIFIER = com.justuskandzi.ProgressTests;
				PRODUCT_NAME = "$(TARGET_NAME)";
				SWIFT_SWIFT3_OBJC_INFERENCE = Default;
				SWIFT_VERSION = 4.0;
			};
			name = Release;
		};
		A0DF1F941C31C4340031EE1D /* Debug */ = {
			isa = XCBuildConfiguration;
			buildSettings = {
				ALWAYS_SEARCH_USER_PATHS = NO;
				CLANG_CXX_LANGUAGE_STANDARD = "gnu++0x";
				CLANG_CXX_LIBRARY = "libc++";
				CLANG_ENABLE_MODULES = YES;
				CLANG_ENABLE_OBJC_ARC = YES;
				CLANG_WARN_BLOCK_CAPTURE_AUTORELEASING = YES;
				CLANG_WARN_BOOL_CONVERSION = YES;
				CLANG_WARN_COMMA = YES;
				CLANG_WARN_CONSTANT_CONVERSION = YES;
				CLANG_WARN_DIRECT_OBJC_ISA_USAGE = YES_ERROR;
				CLANG_WARN_EMPTY_BODY = YES;
				CLANG_WARN_ENUM_CONVERSION = YES;
				CLANG_WARN_INFINITE_RECURSION = YES;
				CLANG_WARN_INT_CONVERSION = YES;
				CLANG_WARN_NON_LITERAL_NULL_CONVERSION = YES;
				CLANG_WARN_OBJC_LITERAL_CONVERSION = YES;
				CLANG_WARN_OBJC_ROOT_CLASS = YES_ERROR;
				CLANG_WARN_RANGE_LOOP_ANALYSIS = YES;
				CLANG_WARN_STRICT_PROTOTYPES = YES;
				CLANG_WARN_SUSPICIOUS_MOVE = YES;
				CLANG_WARN_UNREACHABLE_CODE = YES;
				CLANG_WARN__DUPLICATE_METHOD_MATCH = YES;
				CODE_SIGN_IDENTITY = "";
				COPY_PHASE_STRIP = NO;
				CURRENT_PROJECT_VERSION = 1;
				DEBUG_INFORMATION_FORMAT = dwarf;
				ENABLE_STRICT_OBJC_MSGSEND = YES;
				ENABLE_TESTABILITY = YES;
				GCC_C_LANGUAGE_STANDARD = gnu99;
				GCC_DYNAMIC_NO_PIC = NO;
				GCC_NO_COMMON_BLOCKS = YES;
				GCC_OPTIMIZATION_LEVEL = 0;
				GCC_PREPROCESSOR_DEFINITIONS = (
					"DEBUG=1",
					"$(inherited)",
				);
				GCC_WARN_64_TO_32_BIT_CONVERSION = YES;
				GCC_WARN_ABOUT_RETURN_TYPE = YES_ERROR;
				GCC_WARN_UNDECLARED_SELECTOR = YES;
				GCC_WARN_UNINITIALIZED_AUTOS = YES_AGGRESSIVE;
				GCC_WARN_UNUSED_FUNCTION = YES;
				GCC_WARN_UNUSED_VARIABLE = YES;
				MACOSX_DEPLOYMENT_TARGET = 10.11;
				MTL_ENABLE_DEBUG_INFO = YES;
				ONLY_ACTIVE_ARCH = YES;
				SDKROOT = macosx;
				SWIFT_OPTIMIZATION_LEVEL = "-Onone";
				VERSIONING_SYSTEM = "apple-generic";
				VERSION_INFO_PREFIX = "";
			};
			name = Debug;
		};
		A0DF1F951C31C4340031EE1D /* Release */ = {
			isa = XCBuildConfiguration;
			buildSettings = {
				ALWAYS_SEARCH_USER_PATHS = NO;
				CLANG_CXX_LANGUAGE_STANDARD = "gnu++0x";
				CLANG_CXX_LIBRARY = "libc++";
				CLANG_ENABLE_MODULES = YES;
				CLANG_ENABLE_OBJC_ARC = YES;
				CLANG_WARN_BLOCK_CAPTURE_AUTORELEASING = YES;
				CLANG_WARN_BOOL_CONVERSION = YES;
				CLANG_WARN_COMMA = YES;
				CLANG_WARN_CONSTANT_CONVERSION = YES;
				CLANG_WARN_DIRECT_OBJC_ISA_USAGE = YES_ERROR;
				CLANG_WARN_EMPTY_BODY = YES;
				CLANG_WARN_ENUM_CONVERSION = YES;
				CLANG_WARN_INFINITE_RECURSION = YES;
				CLANG_WARN_INT_CONVERSION = YES;
				CLANG_WARN_NON_LITERAL_NULL_CONVERSION = YES;
				CLANG_WARN_OBJC_LITERAL_CONVERSION = YES;
				CLANG_WARN_OBJC_ROOT_CLASS = YES_ERROR;
				CLANG_WARN_RANGE_LOOP_ANALYSIS = YES;
				CLANG_WARN_STRICT_PROTOTYPES = YES;
				CLANG_WARN_SUSPICIOUS_MOVE = YES;
				CLANG_WARN_UNREACHABLE_CODE = YES;
				CLANG_WARN__DUPLICATE_METHOD_MATCH = YES;
				CODE_SIGN_IDENTITY = "";
				COPY_PHASE_STRIP = NO;
				CURRENT_PROJECT_VERSION = 1;
				DEBUG_INFORMATION_FORMAT = "dwarf-with-dsym";
				ENABLE_NS_ASSERTIONS = NO;
				ENABLE_STRICT_OBJC_MSGSEND = YES;
				GCC_C_LANGUAGE_STANDARD = gnu99;
				GCC_NO_COMMON_BLOCKS = YES;
				GCC_WARN_64_TO_32_BIT_CONVERSION = YES;
				GCC_WARN_ABOUT_RETURN_TYPE = YES_ERROR;
				GCC_WARN_UNDECLARED_SELECTOR = YES;
				GCC_WARN_UNINITIALIZED_AUTOS = YES_AGGRESSIVE;
				GCC_WARN_UNUSED_FUNCTION = YES;
				GCC_WARN_UNUSED_VARIABLE = YES;
				MACOSX_DEPLOYMENT_TARGET = 10.11;
				MTL_ENABLE_DEBUG_INFO = NO;
				SDKROOT = macosx;
				SWIFT_OPTIMIZATION_LEVEL = "-Owholemodule";
				VERSIONING_SYSTEM = "apple-generic";
				VERSION_INFO_PREFIX = "";
			};
			name = Release;
		};
		A0DF1F971C31C4340031EE1D /* Debug */ = {
			isa = XCBuildConfiguration;
			buildSettings = {
				ALWAYS_EMBED_SWIFT_STANDARD_LIBRARIES = YES;
				CLANG_ENABLE_MODULES = YES;
				COMBINE_HIDPI_IMAGES = YES;
				DEFINES_MODULE = YES;
				DYLIB_COMPATIBILITY_VERSION = 1;
				DYLIB_CURRENT_VERSION = 1;
				DYLIB_INSTALL_NAME_BASE = "@rpath";
				FRAMEWORK_VERSION = A;
				INFOPLIST_FILE = Progress.swift/Info.plist;
				INSTALL_PATH = "$(LOCAL_LIBRARY_DIR)/Frameworks";
				LD_RUNPATH_SEARCH_PATHS = "$(inherited) @executable_path/../Frameworks @loader_path/Frameworks";
				PRODUCT_BUNDLE_IDENTIFIER = "com.justuskandzi.Progress-swift";
				PRODUCT_NAME = Progress;
				SKIP_INSTALL = YES;
				SWIFT_OPTIMIZATION_LEVEL = "-Onone";
				SWIFT_SWIFT3_OBJC_INFERENCE = Default;
				SWIFT_VERSION = 4.0;
			};
			name = Debug;
		};
		A0DF1F981C31C4340031EE1D /* Release */ = {
			isa = XCBuildConfiguration;
			buildSettings = {
				ALWAYS_EMBED_SWIFT_STANDARD_LIBRARIES = YES;
				CLANG_ENABLE_MODULES = YES;
				COMBINE_HIDPI_IMAGES = YES;
				DEFINES_MODULE = YES;
				DYLIB_COMPATIBILITY_VERSION = 1;
				DYLIB_CURRENT_VERSION = 1;
				DYLIB_INSTALL_NAME_BASE = "@rpath";
				FRAMEWORK_VERSION = A;
				INFOPLIST_FILE = Progress.swift/Info.plist;
				INSTALL_PATH = "$(LOCAL_LIBRARY_DIR)/Frameworks";
				LD_RUNPATH_SEARCH_PATHS = "$(inherited) @executable_path/../Frameworks @loader_path/Frameworks";
				PRODUCT_BUNDLE_IDENTIFIER = "com.justuskandzi.Progress-swift";
				PRODUCT_NAME = Progress;
				SKIP_INSTALL = YES;
				SWIFT_SWIFT3_OBJC_INFERENCE = Default;
				SWIFT_VERSION = 4.0;
			};
			name = Release;
		};
/* End XCBuildConfiguration section */

/* Begin XCConfigurationList section */
		A03D0BE31C35B20C00E74DB7 /* Build configuration list for PBXNativeTarget "ProgressTests" */ = {
			isa = XCConfigurationList;
			buildConfigurations = (
				A03D0BE11C35B20C00E74DB7 /* Debug */,
				A03D0BE21C35B20C00E74DB7 /* Release */,
			);
			defaultConfigurationIsVisible = 0;
			defaultConfigurationName = Release;
		};
		A0DF1F881C31C4340031EE1D /* Build configuration list for PBXProject "Progress.swift" */ = {
			isa = XCConfigurationList;
			buildConfigurations = (
				A0DF1F941C31C4340031EE1D /* Debug */,
				A0DF1F951C31C4340031EE1D /* Release */,
			);
			defaultConfigurationIsVisible = 0;
			defaultConfigurationName = Release;
		};
		A0DF1F961C31C4340031EE1D /* Build configuration list for PBXNativeTarget "Progress.swift" */ = {
			isa = XCConfigurationList;
			buildConfigurations = (
				A0DF1F971C31C4340031EE1D /* Debug */,
				A0DF1F981C31C4340031EE1D /* Release */,
			);
			defaultConfigurationIsVisible = 0;
			defaultConfigurationName = Release;
		};
/* End XCConfigurationList section */
	};
	rootObject = A0DF1F851C31C4340031EE1D /* Project object */;
}
